
Microsoft Visual Studio Solution File, Format Version 12.00
# Visual Studio 15
VisualStudioVersion = 15.0.28010.2003
MinimumVisualStudioVersion = 10.0.40219.1
Project("{9A19103F-16F7-4668-BE54-9A1E7A4F7556}") = "Avans.Studentenhuis", "Avans.Studentenhuis\Avans.Studentenhuis.csproj", "{D1FD4022-4192-4AA2-9CEB-C4FDC67C8C17}"
EndProject
Project("{FAE04EC0-301F-11D3-BF4B-00C04F79EFBC}") = "Avans.Studentenhuis.Tests", "Avans.Studentenhuis.Tests\Avans.Studentenhuis.Tests.csproj", "{016C898D-957A-4169-8FD8-72BCDB4143A2}"
EndProject
Global
	GlobalSection(SolutionConfigurationPlatforms) = preSolution
		Debug|Any CPU = Debug|Any CPU
		Release|Any CPU = Release|Any CPU
	EndGlobalSection
	GlobalSection(ProjectConfigurationPlatforms) = postSolution
		{D1FD4022-4192-4AA2-9CEB-C4FDC67C8C17}.Debug|Any CPU.ActiveCfg = Debug|Any CPU
		{D1FD4022-4192-4AA2-9CEB-C4FDC67C8C17}.Debug|Any CPU.Build.0 = Debug|Any CPU
		{D1FD4022-4192-4AA2-9CEB-C4FDC67C8C17}.Release|Any CPU.ActiveCfg = Release|Any CPU
		{D1FD4022-4192-4AA2-9CEB-C4FDC67C8C17}.Release|Any CPU.Build.0 = Release|Any CPU
		{016C898D-957A-4169-8FD8-72BCDB4143A2}.Debug|Any CPU.ActiveCfg = Debug|Any CPU
		{016C898D-957A-4169-8FD8-72BCDB4143A2}.Debug|Any CPU.Build.0 = Debug|Any CPU
		{016C898D-957A-4169-8FD8-72BCDB4143A2}.Release|Any CPU.ActiveCfg = Release|Any CPU
		{016C898D-957A-4169-8FD8-72BCDB4143A2}.Release|Any CPU.Build.0 = Release|Any CPU
	EndGlobalSection
	GlobalSection(SolutionProperties) = preSolution
		HideSolutionNode = FALSE
	EndGlobalSection
	GlobalSection(ExtensibilityGlobals) = postSolution
		SolutionGuid = {548DFFC9-89C8-4B45-BAC8-3D6BA06CB3BA}
	EndGlobalSection
EndGlobal
